// !$*UTF8*$!
{
	archiveVersion = 1;
	classes = {
	};
	objectVersion = 56;
	objects = {

/* Begin PBXBuildFile section */
		54D479C52C6D816900921FDE /* AppDelegate.swift in Sources */ = {isa = PBXBuildFile; fileRef = 54D479C42C6D816900921FDE /* AppDelegate.swift */; };
		54D479C72C6D816900921FDE /* SceneDelegate.swift in Sources */ = {isa = PBXBuildFile; fileRef = 54D479C62C6D816900921FDE /* SceneDelegate.swift */; };
		54D479C92C6D816900921FDE /* ViewController.swift in Sources */ = {isa = PBXBuildFile; fileRef = 54D479C82C6D816900921FDE /* ViewController.swift */; };
		54D479CC2C6D816900921FDE /* Base in Resources */ = {isa = PBXBuildFile; fileRef = 54D479CB2C6D816900921FDE /* Base */; };
		54D479CE2C6D816A00921FDE /* Assets.xcassets in Resources */ = {isa = PBXBuildFile; fileRef = 54D479CD2C6D816A00921FDE /* Assets.xcassets */; };
		54D479D12C6D816A00921FDE /* Base in Resources */ = {isa = PBXBuildFile; fileRef = 54D479D02C6D816A00921FDE /* Base */; };
		54D479DC2C6D816A00921FDE /* CalculatorUITests.swift in Sources */ = {isa = PBXBuildFile; fileRef = 54D479DB2C6D816A00921FDE /* CalculatorUITests.swift */; };
		54D479E62C6D816A00921FDE /* CalculatorUIUITests.swift in Sources */ = {isa = PBXBuildFile; fileRef = 54D479E52C6D816A00921FDE /* CalculatorUIUITests.swift */; };
		54D479E82C6D816A00921FDE /* CalculatorUIUITestsLaunchTests.swift in Sources */ = {isa = PBXBuildFile; fileRef = 54D479E72C6D816A00921FDE /* CalculatorUIUITestsLaunchTests.swift */; };
/* End PBXBuildFile section */

/* Begin PBXContainerItemProxy section */
		54D479D82C6D816A00921FDE /* PBXContainerItemProxy */ = {
			isa = PBXContainerItemProxy;
			containerPortal = 54D479B92C6D816900921FDE /* Project object */;
			proxyType = 1;
			remoteGlobalIDString = 54D479C02C6D816900921FDE;
			remoteInfo = CalculatorUI;
		};
		54D479E22C6D816A00921FDE /* PBXContainerItemProxy */ = {
			isa = PBXContainerItemProxy;
			containerPortal = 54D479B92C6D816900921FDE /* Project object */;
			proxyType = 1;
			remoteGlobalIDString = 54D479C02C6D816900921FDE;
			remoteInfo = CalculatorUI;
		};
/* End PBXContainerItemProxy section */

/* Begin PBXFileReference section */
		54D479C12C6D816900921FDE /* CalculatorUI.app */ = {isa = PBXFileReference; explicitFileType = wrapper.application; includeInIndex = 0; path = CalculatorUI.app; sourceTree = BUILT_PRODUCTS_DIR; };
		54D479C42C6D816900921FDE /* AppDelegate.swift */ = {isa = PBXFileReference; lastKnownFileType = sourcecode.swift; path = AppDelegate.swift; sourceTree = "<group>"; };
		54D479C62C6D816900921FDE /* SceneDelegate.swift */ = {isa = PBXFileReference; lastKnownFileType = sourcecode.swift; path = SceneDelegate.swift; sourceTree = "<group>"; };
		54D479C82C6D816900921FDE /* ViewController.swift */ = {isa = PBXFileReference; lastKnownFileType = sourcecode.swift; path = ViewController.swift; sourceTree = "<group>"; };
		54D479CB2C6D816900921FDE /* Base */ = {isa = PBXFileReference; lastKnownFileType = file.storyboard; name = Base; path = Base.lproj/Main.storyboard; sourceTree = "<group>"; };
		54D479CD2C6D816A00921FDE /* Assets.xcassets */ = {isa = PBXFileReference; lastKnownFileType = folder.assetcatalog; path = Assets.xcassets; sourceTree = "<group>"; };
		54D479D02C6D816A00921FDE /* Base */ = {isa = PBXFileReference; lastKnownFileType = file.storyboard; name = Base; path = Base.lproj/LaunchScreen.storyboard; sourceTree = "<group>"; };
		54D479D22C6D816A00921FDE /* Info.plist */ = {isa = PBXFileReference; lastKnownFileType = text.plist.xml; path = Info.plist; sourceTree = "<group>"; };
		54D479D72C6D816A00921FDE /* CalculatorUITests.xctest */ = {isa = PBXFileReference; explicitFileType = wrapper.cfbundle; includeInIndex = 0; path = CalculatorUITests.xctest; sourceTree = BUILT_PRODUCTS_DIR; };
		54D479DB2C6D816A00921FDE /* CalculatorUITests.swift */ = {isa = PBXFileReference; lastKnownFileType = sourcecode.swift; path = CalculatorUITests.swift; sourceTree = "<group>"; };
		54D479E12C6D816A00921FDE /* CalculatorUIUITests.xctest */ = {isa = PBXFileReference; explicitFileType = wrapper.cfbundle; includeInIndex = 0; path = CalculatorUIUITests.xctest; sourceTree = BUILT_PRODUCTS_DIR; };
		54D479E52C6D816A00921FDE /* CalculatorUIUITests.swift */ = {isa = PBXFileReference; lastKnownFileType = sourcecode.swift; path = CalculatorUIUITests.swift; sourceTree = "<group>"; };
		54D479E72C6D816A00921FDE /* CalculatorUIUITestsLaunchTests.swift */ = {isa = PBXFileReference; lastKnownFileType = sourcecode.swift; path = CalculatorUIUITestsLaunchTests.swift; sourceTree = "<group>"; };
/* End PBXFileReference section */

/* Begin PBXFrameworksBuildPhase section */
		54D479BE2C6D816900921FDE /* Frameworks */ = {
			isa = PBXFrameworksBuildPhase;
			buildActionMask = 2147483647;
			files = (
			);
			runOnlyForDeploymentPostprocessing = 0;
		};
		54D479D42C6D816A00921FDE /* Frameworks */ = {
			isa = PBXFrameworksBuildPhase;
			buildActionMask = 2147483647;
			files = (
			);
			runOnlyForDeploymentPostprocessing = 0;
		};
		54D479DE2C6D816A00921FDE /* Frameworks */ = {
			isa = PBXFrameworksBuildPhase;
			buildActionMask = 2147483647;
			files = (
			);
			runOnlyForDeploymentPostprocessing = 0;
		};
/* End PBXFrameworksBuildPhase section */

/* Begin PBXGroup section */
		54D479B82C6D816900921FDE = {
			isa = PBXGroup;
			children = (
				54D479C32C6D816900921FDE /* CalculatorUI */,
				54D479DA2C6D816A00921FDE /* CalculatorUITests */,
				54D479E42C6D816A00921FDE /* CalculatorUIUITests */,
				54D479C22C6D816900921FDE /* Products */,
			);
			sourceTree = "<group>";
		};
		54D479C22C6D816900921FDE /* Products */ = {
			isa = PBXGroup;
			children = (
				54D479C12C6D816900921FDE /* CalculatorUI.app */,
				54D479D72C6D816A00921FDE /* CalculatorUITests.xctest */,
				54D479E12C6D816A00921FDE /* CalculatorUIUITests.xctest */,
			);
			name = Products;
			sourceTree = "<group>";
		};
		54D479C32C6D816900921FDE /* CalculatorUI */ = {
			isa = PBXGroup;
			children = (
				54D479C42C6D816900921FDE /* AppDelegate.swift */,
				54D479C62C6D816900921FDE /* SceneDelegate.swift */,
				54D479C82C6D816900921FDE /* ViewController.swift */,
				54D479CA2C6D816900921FDE /* Main.storyboard */,
				54D479CD2C6D816A00921FDE /* Assets.xcassets */,
				54D479CF2C6D816A00921FDE /* LaunchScreen.storyboard */,
				54D479D22C6D816A00921FDE /* Info.plist */,
			);
			path = CalculatorUI;
			sourceTree = "<group>";
		};
		54D479DA2C6D816A00921FDE /* CalculatorUITests */ = {
			isa = PBXGroup;
			children = (
				54D479DB2C6D816A00921FDE /* CalculatorUITests.swift */,
			);
			path = CalculatorUITests;
			sourceTree = "<group>";
		};
		54D479E42C6D816A00921FDE /* CalculatorUIUITests */ = {
			isa = PBXGroup;
			children = (
				54D479E52C6D816A00921FDE /* CalculatorUIUITests.swift */,
				54D479E72C6D816A00921FDE /* CalculatorUIUITestsLaunchTests.swift */,
			);
			path = CalculatorUIUITests;
			sourceTree = "<group>";
		};
/* End PBXGroup section */

/* Begin PBXNativeTarget section */
		54D479C02C6D816900921FDE /* CalculatorUI */ = {
			isa = PBXNativeTarget;
			buildConfigurationList = 54D479EB2C6D816A00921FDE /* Build configuration list for PBXNativeTarget "CalculatorUI" */;
			buildPhases = (
				54D479BD2C6D816900921FDE /* Sources */,
				54D479BE2C6D816900921FDE /* Frameworks */,
				54D479BF2C6D816900921FDE /* Resources */,
			);
			buildRules = (
			);
			dependencies = (
			);
			name = CalculatorUI;
			productName = CalculatorUI;
			productReference = 54D479C12C6D816900921FDE /* CalculatorUI.app */;
			productType = "com.apple.product-type.application";
		};
		54D479D62C6D816A00921FDE /* CalculatorUITests */ = {
			isa = PBXNativeTarget;
			buildConfigurationList = 54D479EE2C6D816A00921FDE /* Build configuration list for PBXNativeTarget "CalculatorUITests" */;
			buildPhases = (
				54D479D32C6D816A00921FDE /* Sources */,
				54D479D42C6D816A00921FDE /* Frameworks */,
				54D479D52C6D816A00921FDE /* Resources */,
			);
			buildRules = (
			);
			dependencies = (
				54D479D92C6D816A00921FDE /* PBXTargetDependency */,
			);
			name = CalculatorUITests;
			productName = CalculatorUITests;
			productReference = 54D479D72C6D816A00921FDE /* CalculatorUITests.xctest */;
			productType = "com.apple.product-type.bundle.unit-test";
		};
		54D479E02C6D816A00921FDE /* CalculatorUIUITests */ = {
			isa = PBXNativeTarget;
			buildConfigurationList = 54D479F12C6D816A00921FDE /* Build configuration list for PBXNativeTarget "CalculatorUIUITests" */;
			buildPhases = (
				54D479DD2C6D816A00921FDE /* Sources */,
				54D479DE2C6D816A00921FDE /* Frameworks */,
				54D479DF2C6D816A00921FDE /* Resources */,
			);
			buildRules = (
			);
			dependencies = (
				54D479E32C6D816A00921FDE /* PBXTargetDependency */,
			);
			name = CalculatorUIUITests;
			productName = CalculatorUIUITests;
			productReference = 54D479E12C6D816A00921FDE /* CalculatorUIUITests.xctest */;
			productType = "com.apple.product-type.bundle.ui-testing";
		};
/* End PBXNativeTarget section */

/* Begin PBXProject section */
		54D479B92C6D816900921FDE /* Project object */ = {
			isa = PBXProject;
			attributes = {
				BuildIndependentTargetsInParallel = 1;
				LastSwiftUpdateCheck = 1540;
				LastUpgradeCheck = 1540;
				TargetAttributes = {
					54D479C02C6D816900921FDE = {
						CreatedOnToolsVersion = 15.4;
					};
					54D479D62C6D816A00921FDE = {
						CreatedOnToolsVersion = 15.4;
						TestTargetID = 54D479C02C6D816900921FDE;
					};
					54D479E02C6D816A00921FDE = {
						CreatedOnToolsVersion = 15.4;
						TestTargetID = 54D479C02C6D816900921FDE;
					};
				};
			};
			buildConfigurationList = 54D479BC2C6D816900921FDE /* Build configuration list for PBXProject "CalculatorUI" */;
			compatibilityVersion = "Xcode 14.0";
			developmentRegion = en;
			hasScannedForEncodings = 0;
			knownRegions = (
				en,
				Base,
			);
			mainGroup = 54D479B82C6D816900921FDE;
			productRefGroup = 54D479C22C6D816900921FDE /* Products */;
			projectDirPath = "";
			projectRoot = "";
			targets = (
				54D479C02C6D816900921FDE /* CalculatorUI */,
				54D479D62C6D816A00921FDE /* CalculatorUITests */,
				54D479E02C6D816A00921FDE /* CalculatorUIUITests */,
			);
		};
/* End PBXProject section */

/* Begin PBXResourcesBuildPhase section */
		54D479BF2C6D816900921FDE /* Resources */ = {
			isa = PBXResourcesBuildPhase;
			buildActionMask = 2147483647;
			files = (
				54D479CE2C6D816A00921FDE /* Assets.xcassets in Resources */,
				54D479D12C6D816A00921FDE /* Base in Resources */,
				54D479CC2C6D816900921FDE /* Base in Resources */,
			);
			runOnlyForDeploymentPostprocessing = 0;
		};
		54D479D52C6D816A00921FDE /* Resources */ = {
			isa = PBXResourcesBuildPhase;
			buildActionMask = 2147483647;
			files = (
			);
			runOnlyForDeploymentPostprocessing = 0;
		};
		54D479DF2C6D816A00921FDE /* Resources */ = {
			isa = PBXResourcesBuildPhase;
			buildActionMask = 2147483647;
			files = (
			);
			runOnlyForDeploymentPostprocessing = 0;
		};
/* End PBXResourcesBuildPhase section */

/* Begin PBXSourcesBuildPhase section */
		54D479BD2C6D816900921FDE /* Sources */ = {
			isa = PBXSourcesBuildPhase;
			buildActionMask = 2147483647;
			files = (
				54D479C92C6D816900921FDE /* ViewController.swift in Sources */,
				54D479C52C6D816900921FDE /* AppDelegate.swift in Sources */,
				54D479C72C6D816900921FDE /* SceneDelegate.swift in Sources */,
			);
			runOnlyForDeploymentPostprocessing = 0;
		};
		54D479D32C6D816A00921FDE /* Sources */ = {
			isa = PBXSourcesBuildPhase;
			buildActionMask = 2147483647;
			files = (
				54D479DC2C6D816A00921FDE /* CalculatorUITests.swift in Sources */,
			);
			runOnlyForDeploymentPostprocessing = 0;
		};
		54D479DD2C6D816A00921FDE /* Sources */ = {
			isa = PBXSourcesBuildPhase;
			buildActionMask = 2147483647;
			files = (
				54D479E82C6D816A00921FDE /* CalculatorUIUITestsLaunchTests.swift in Sources */,
				54D479E62C6D816A00921FDE /* CalculatorUIUITests.swift in Sources */,
			);
			runOnlyForDeploymentPostprocessing = 0;
		};
/* End PBXSourcesBuildPhase section */

/* Begin PBXTargetDependency section */
		54D479D92C6D816A00921FDE /* PBXTargetDependency */ = {
			isa = PBXTargetDependency;
			target = 54D479C02C6D816900921FDE /* CalculatorUI */;
			targetProxy = 54D479D82C6D816A00921FDE /* PBXContainerItemProxy */;
		};
		54D479E32C6D816A00921FDE /* PBXTargetDependency */ = {
			isa = PBXTargetDependency;
			target = 54D479C02C6D816900921FDE /* CalculatorUI */;
			targetProxy = 54D479E22C6D816A00921FDE /* PBXContainerItemProxy */;
		};
/* End PBXTargetDependency section */

/* Begin PBXVariantGroup section */
		54D479CA2C6D816900921FDE /* Main.storyboard */ = {
			isa = PBXVariantGroup;
			children = (
				54D479CB2C6D816900921FDE /* Base */,
			);
			name = Main.storyboard;
			sourceTree = "<group>";
		};
		54D479CF2C6D816A00921FDE /* LaunchScreen.storyboard */ = {
			isa = PBXVariantGroup;
			children = (
				54D479D02C6D816A00921FDE /* Base */,
			);
			name = LaunchScreen.storyboard;
			sourceTree = "<group>";
		};
/* End PBXVariantGroup section */

/* Begin XCBuildConfiguration section */
		54D479E92C6D816A00921FDE /* Debug */ = {
			isa = XCBuildConfiguration;
			buildSettings = {
				ALWAYS_SEARCH_USER_PATHS = NO;
				ASSETCATALOG_COMPILER_GENERATE_SWIFT_ASSET_SYMBOL_EXTENSIONS = YES;
				CLANG_ANALYZER_NONNULL = YES;
				CLANG_ANALYZER_NUMBER_OBJECT_CONVERSION = YES_AGGRESSIVE;
				CLANG_CXX_LANGUAGE_STANDARD = "gnu++20";
				CLANG_ENABLE_MODULES = YES;
				CLANG_ENABLE_OBJC_ARC = YES;
				CLANG_ENABLE_OBJC_WEAK = YES;
				CLANG_WARN_BLOCK_CAPTURE_AUTORELEASING = YES;
				CLANG_WARN_BOOL_CONVERSION = YES;
				CLANG_WARN_COMMA = YES;
				CLANG_WARN_CONSTANT_CONVERSION = YES;
				CLANG_WARN_DEPRECATED_OBJC_IMPLEMENTATIONS = YES;
				CLANG_WARN_DIRECT_OBJC_ISA_USAGE = YES_ERROR;
				CLANG_WARN_DOCUMENTATION_COMMENTS = YES;
				CLANG_WARN_EMPTY_BODY = YES;
				CLANG_WARN_ENUM_CONVERSION = YES;
				CLANG_WARN_INFINITE_RECURSION = YES;
				CLANG_WARN_INT_CONVERSION = YES;
				CLANG_WARN_NON_LITERAL_NULL_CONVERSION = YES;
				CLANG_WARN_OBJC_IMPLICIT_RETAIN_SELF = YES;
				CLANG_WARN_OBJC_LITERAL_CONVERSION = YES;
				CLANG_WARN_OBJC_ROOT_CLASS = YES_ERROR;
				CLANG_WARN_QUOTED_INCLUDE_IN_FRAMEWORK_HEADER = YES;
				CLANG_WARN_RANGE_LOOP_ANALYSIS = YES;
				CLANG_WARN_STRICT_PROTOTYPES = YES;
				CLANG_WARN_SUSPICIOUS_MOVE = YES;
				CLANG_WARN_UNGUARDED_AVAILABILITY = YES_AGGRESSIVE;
				CLANG_WARN_UNREACHABLE_CODE = YES;
				CLANG_WARN__DUPLICATE_METHOD_MATCH = YES;
				COPY_PHASE_STRIP = NO;
				DEBUG_INFORMATION_FORMAT = dwarf;
				ENABLE_STRICT_OBJC_MSGSEND = YES;
				ENABLE_TESTABILITY = YES;
				ENABLE_USER_SCRIPT_SANDBOXING = YES;
				GCC_C_LANGUAGE_STANDARD = gnu17;
				GCC_DYNAMIC_NO_PIC = NO;
				GCC_NO_COMMON_BLOCKS = YES;
				GCC_OPTIMIZATION_LEVEL = 0;
				GCC_PREPROCESSOR_DEFINITIONS = (
					"DEBUG=1",
					"$(inherited)",
				);
				GCC_WARN_64_TO_32_BIT_CONVERSION = YES;
				GCC_WARN_ABOUT_RETURN_TYPE = YES_ERROR;
				GCC_WARN_UNDECLARED_SELECTOR = YES;
				GCC_WARN_UNINITIALIZED_AUTOS = YES_AGGRESSIVE;
				GCC_WARN_UNUSED_FUNCTION = YES;
				GCC_WARN_UNUSED_VARIABLE = YES;
				IPHONEOS_DEPLOYMENT_TARGET = 17.5;
				LOCALIZATION_PREFERS_STRING_CATALOGS = YES;
				MTL_ENABLE_DEBUG_INFO = INCLUDE_SOURCE;
				MTL_FAST_MATH = YES;
				ONLY_ACTIVE_ARCH = YES;
				SDKROOT = iphoneos;
				SWIFT_ACTIVE_COMPILATION_CONDITIONS = "DEBUG $(inherited)";
				SWIFT_OPTIMIZATION_LEVEL = "-Onone";
			};
			name = Debug;
		};
		54D479EA2C6D816A00921FDE /* Release */ = {
			isa = XCBuildConfiguration;
			buildSettings = {
				ALWAYS_SEARCH_USER_PATHS = NO;
				ASSETCATALOG_COMPILER_GENERATE_SWIFT_ASSET_SYMBOL_EXTENSIONS = YES;
				CLANG_ANALYZER_NONNULL = YES;
				CLANG_ANALYZER_NUMBER_OBJECT_CONVERSION = YES_AGGRESSIVE;
				CLANG_CXX_LANGUAGE_STANDARD = "gnu++20";
				CLANG_ENABLE_MODULES = YES;
				CLANG_ENABLE_OBJC_ARC = YES;
				CLANG_ENABLE_OBJC_WEAK = YES;
				CLANG_WARN_BLOCK_CAPTURE_AUTORELEASING = YES;
				CLANG_WARN_BOOL_CONVERSION = YES;
				CLANG_WARN_COMMA = YES;
				CLANG_WARN_CONSTANT_CONVERSION = YES;
				CLANG_WARN_DEPRECATED_OBJC_IMPLEMENTATIONS = YES;
				CLANG_WARN_DIRECT_OBJC_ISA_USAGE = YES_ERROR;
				CLANG_WARN_DOCUMENTATION_COMMENTS = YES;
				CLANG_WARN_EMPTY_BODY = YES;
				CLANG_WARN_ENUM_CONVERSION = YES;
				CLANG_WARN_INFINITE_RECURSION = YES;
				CLANG_WARN_INT_CONVERSION = YES;
				CLANG_WARN_NON_LITERAL_NULL_CONVERSION = YES;
				CLANG_WARN_OBJC_IMPLICIT_RETAIN_SELF = YES;
				CLANG_WARN_OBJC_LITERAL_CONVERSION = YES;
				CLANG_WARN_OBJC_ROOT_CLASS = YES_ERROR;
				CLANG_WARN_QUOTED_INCLUDE_IN_FRAMEWORK_HEADER = YES;
				CLANG_WARN_RANGE_LOOP_ANALYSIS = YES;
				CLANG_WARN_STRICT_PROTOTYPES = YES;
				CLANG_WARN_SUSPICIOUS_MOVE = YES;
				CLANG_WARN_UNGUARDED_AVAILABILITY = YES_AGGRESSIVE;
				CLANG_WARN_UNREACHABLE_CODE = YES;
				CLANG_WARN__DUPLICATE_METHOD_MATCH = YES;
				COPY_PHASE_STRIP = NO;
				DEBUG_INFORMATION_FORMAT = "dwarf-with-dsym";
				ENABLE_NS_ASSERTIONS = NO;
				ENABLE_STRICT_OBJC_MSGSEND = YES;
				ENABLE_USER_SCRIPT_SANDBOXING = YES;
				GCC_C_LANGUAGE_STANDARD = gnu17;
				GCC_NO_COMMON_BLOCKS = YES;
				GCC_WARN_64_TO_32_BIT_CONVERSION = YES;
				GCC_WARN_ABOUT_RETURN_TYPE = YES_ERROR;
				GCC_WARN_UNDECLARED_SELECTOR = YES;
				GCC_WARN_UNINITIALIZED_AUTOS = YES_AGGRESSIVE;
				GCC_WARN_UNUSED_FUNCTION = YES;
				GCC_WARN_UNUSED_VARIABLE = YES;
				IPHONEOS_DEPLOYMENT_TARGET = 17.5;
				LOCALIZATION_PREFERS_STRING_CATALOGS = YES;
				MTL_ENABLE_DEBUG_INFO = NO;
				MTL_FAST_MATH = YES;
				SDKROOT = iphoneos;
				SWIFT_COMPILATION_MODE = wholemodule;
				VALIDATE_PRODUCT = YES;
			};
			name = Release;
		};
		54D479EC2C6D816A00921FDE /* Debug */ = {
			isa = XCBuildConfiguration;
			buildSettings = {
				ASSETCATALOG_COMPILER_APPICON_NAME = AppIcon;
				ASSETCATALOG_COMPILER_GLOBAL_ACCENT_COLOR_NAME = AccentColor;
				CODE_SIGN_STYLE = Automatic;
				CURRENT_PROJECT_VERSION = 1;
				GENERATE_INFOPLIST_FILE = YES;
				INFOPLIST_FILE = CalculatorUI/Info.plist;
				INFOPLIST_KEY_UIApplicationSupportsIndirectInputEvents = YES;
				INFOPLIST_KEY_UILaunchStoryboardName = LaunchScreen;
				INFOPLIST_KEY_UIMainStoryboardFile = Main;
				INFOPLIST_KEY_UISupportedInterfaceOrientations_iPad = "UIInterfaceOrientationPortrait UIInterfaceOrientationPortraitUpsideDown UIInterfaceOrientationLandscapeLeft UIInterfaceOrientationLandscapeRight";
				INFOPLIST_KEY_UISupportedInterfaceOrientations_iPhone = "UIInterfaceOrientationPortrait UIInterfaceOrientationLandscapeLeft UIInterfaceOrientationLandscapeRight";
				LD_RUNPATH_SEARCH_PATHS = (
					"$(inherited)",
					"@executable_path/Frameworks",
				);
				MARKETING_VERSION = 1.0;
				PRODUCT_BUNDLE_IDENTIFIER = CP.CalculatorUI;
				PRODUCT_NAME = "$(TARGET_NAME)";
				SWIFT_EMIT_LOC_STRINGS = YES;
				SWIFT_VERSION = 5.0;
				TARGETED_DEVICE_FAMILY = "1,2";
			};
			name = Debug;
		};
		54D479ED2C6D816A00921FDE /* Release */ = {
			isa = XCBuildConfiguration;
			buildSettings = {
				ASSETCATALOG_COMPILER_APPICON_NAME = AppIcon;
				ASSETCATALOG_COMPILER_GLOBAL_ACCENT_COLOR_NAME = AccentColor;
				CODE_SIGN_STYLE = Automatic;
				CURRENT_PROJECT_VERSION = 1;
				GENERATE_INFOPLIST_FILE = YES;
				INFOPLIST_FILE = CalculatorUI/Info.plist;
				INFOPLIST_KEY_UIApplicationSupportsIndirectInputEvents = YES;
				INFOPLIST_KEY_UILaunchStoryboardName = LaunchScreen;
				INFOPLIST_KEY_UIMainStoryboardFile = Main;
				INFOPLIST_KEY_UISupportedInterfaceOrientations_iPad = "UIInterfaceOrientationPortrait UIInterfaceOrientationPortraitUpsideDown UIInterfaceOrientationLandscapeLeft UIInterfaceOrientationLandscapeRight";
				INFOPLIST_KEY_UISupportedInterfaceOrientations_iPhone = "UIInterfaceOrientationPortrait UIInterfaceOrientationLandscapeLeft UIInterfaceOrientationLandscapeRight";
				LD_RUNPATH_SEARCH_PATHS = (
					"$(inherited)",
					"@executable_path/Frameworks",
				);
				MARKETING_VERSION = 1.0;
				PRODUCT_BUNDLE_IDENTIFIER = CP.CalculatorUI;
				PRODUCT_NAME = "$(TARGET_NAME)";
				SWIFT_EMIT_LOC_STRINGS = YES;
				SWIFT_VERSION = 5.0;
				TARGETED_DEVICE_FAMILY = "1,2";
			};
			name = Release;
		};
		54D479EF2C6D816A00921FDE /* Debug */ = {
			isa = XCBuildConfiguration;
			buildSettings = {
				ALWAYS_EMBED_SWIFT_STANDARD_LIBRARIES = YES;
				BUNDLE_LOADER = "$(TEST_HOST)";
				CODE_SIGN_STYLE = Automatic;
				CURRENT_PROJECT_VERSION = 1;
				GENERATE_INFOPLIST_FILE = YES;
				IPHONEOS_DEPLOYMENT_TARGET = 17.5;
				MARKETING_VERSION = 1.0;
				PRODUCT_BUNDLE_IDENTIFIER = CP.CalculatorUITests;
				PRODUCT_NAME = "$(TARGET_NAME)";
				SWIFT_EMIT_LOC_STRINGS = NO;
				SWIFT_VERSION = 5.0;
				TARGETED_DEVICE_FAMILY = "1,2";
				TEST_HOST = "$(BUILT_PRODUCTS_DIR)/CalculatorUI.app/$(BUNDLE_EXECUTABLE_FOLDER_PATH)/CalculatorUI";
			};
			name = Debug;
		};
		54D479F02C6D816A00921FDE /* Release */ = {
			isa = XCBuildConfiguration;
			buildSettings = {
				ALWAYS_EMBED_SWIFT_STANDARD_LIBRARIES = YES;
				BUNDLE_LOADER = "$(TEST_HOST)";
				CODE_SIGN_STYLE = Automatic;
				CURRENT_PROJECT_VERSION = 1;
				GENERATE_INFOPLIST_FILE = YES;
				IPHONEOS_DEPLOYMENT_TARGET = 17.5;
				MARKETING_VERSION = 1.0;
				PRODUCT_BUNDLE_IDENTIFIER = CP.CalculatorUITests;
				PRODUCT_NAME = "$(TARGET_NAME)";
				SWIFT_EMIT_LOC_STRINGS = NO;
				SWIFT_VERSION = 5.0;
				TARGETED_DEVICE_FAMILY = "1,2";
				TEST_HOST = "$(BUILT_PRODUCTS_DIR)/CalculatorUI.app/$(BUNDLE_EXECUTABLE_FOLDER_PATH)/CalculatorUI";
			};
			name = Release;
		};
		54D479F22C6D816A00921FDE /* Debug */ = {
			isa = XCBuildConfiguration;
			buildSettings = {
				ALWAYS_EMBED_SWIFT_STANDARD_LIBRARIES = YES;
				CODE_SIGN_STYLE = Automatic;
				CURRENT_PROJECT_VERSION = 1;
				GENERATE_INFOPLIST_FILE = YES;
				MARKETING_VERSION = 1.0;
				PRODUCT_BUNDLE_IDENTIFIER = CP.CalculatorUIUITests;
				PRODUCT_NAME = "$(TARGET_NAME)";
				SWIFT_EMIT_LOC_STRINGS = NO;
				SWIFT_VERSION = 5.0;
				TARGETED_DEVICE_FAMILY = "1,2";
				TEST_TARGET_NAME = CalculatorUI;
			};
			name = Debug;
		};
		54D479F32C6D816A00921FDE /* Release */ = {
			isa = XCBuildConfiguration;
			buildSettings = {
				ALWAYS_EMBED_SWIFT_STANDARD_LIBRARIES = YES;
				CODE_SIGN_STYLE = Automatic;
				CURRENT_PROJECT_VERSION = 1;
				GENERATE_INFOPLIST_FILE = YES;
				MARKETING_VERSION = 1.0;
				PRODUCT_BUNDLE_IDENTIFIER = CP.CalculatorUIUITests;
				PRODUCT_NAME = "$(TARGET_NAME)";
				SWIFT_EMIT_LOC_STRINGS = NO;
				SWIFT_VERSION = 5.0;
				TARGETED_DEVICE_FAMILY = "1,2";
				TEST_TARGET_NAME = CalculatorUI;
			};
			name = Release;
		};
/* End XCBuildConfiguration section */

/* Begin XCConfigurationList section */
		54D479BC2C6D816900921FDE /* Build configuration list for PBXProject "CalculatorUI" */ = {
			isa = XCConfigurationList;
			buildConfigurations = (
				54D479E92C6D816A00921FDE /* Debug */,
				54D479EA2C6D816A00921FDE /* Release */,
			);
			defaultConfigurationIsVisible = 0;
			defaultConfigurationName = Release;
		};
		54D479EB2C6D816A00921FDE /* Build configuration list for PBXNativeTarget "CalculatorUI" */ = {
			isa = XCConfigurationList;
			buildConfigurations = (
				54D479EC2C6D816A00921FDE /* Debug */,
				54D479ED2C6D816A00921FDE /* Release */,
			);
			defaultConfigurationIsVisible = 0;
			defaultConfigurationName = Release;
		};
		54D479EE2C6D816A00921FDE /* Build configuration list for PBXNativeTarget "CalculatorUITests" */ = {
			isa = XCConfigurationList;
			buildConfigurations = (
				54D479EF2C6D816A00921FDE /* Debug */,
				54D479F02C6D816A00921FDE /* Release */,
			);
			defaultConfigurationIsVisible = 0;
			defaultConfigurationName = Release;
		};
		54D479F12C6D816A00921FDE /* Build configuration list for PBXNativeTarget "CalculatorUIUITests" */ = {
			isa = XCConfigurationList;
			buildConfigurations = (
				54D479F22C6D816A00921FDE /* Debug */,
				54D479F32C6D816A00921FDE /* Release */,
			);
			defaultConfigurationIsVisible = 0;
			defaultConfigurationName = Release;
		};
/* End XCConfigurationList section */
	};
	rootObject = 54D479B92C6D816900921FDE /* Project object */;
}
